// !$*UTF8*$!
{
	archiveVersion = 1;
	classes = {
	};
	objectVersion = 46;
	objects = {

/* Begin PBXBuildFile section */
		561719381D22296E0097E837 /* NotificationSystem.cpp in Sources */ = {isa = PBXBuildFile; fileRef = 561719351D22296E0097E837 /* NotificationSystem.cpp */; };
		561C63581D473E840077C8FE /* ProcessUtil.mm in Sources */ = {isa = PBXBuildFile; fileRef = 561C63571D473E840077C8FE /* ProcessUtil.mm */; };
		565115A81D3352C6008436A8 /* StdCondVar.cpp in Sources */ = {isa = PBXBuildFile; fileRef = 565115A61D3352C6008436A8 /* StdCondVar.cpp */; };
		56E311CC1D22537100E24A52 /* NotificationSystemMessageHandler.cpp in Sources */ = {isa = PBXBuildFile; fileRef = 56E311CB1D22537100E24A52 /* NotificationSystemMessageHandler.cpp */; };
		56E311D11D2255E100E24A52 /* NotificationManager.cpp in Sources */ = {isa = PBXBuildFile; fileRef = 56E311D01D2255E100E24A52 /* NotificationManager.cpp */; };
		56E311D41D22641400E24A52 /* NotificationManagerMac.mm in Sources */ = {isa = PBXBuildFile; fileRef = 56E311D21D22641400E24A52 /* NotificationManagerMac.mm */; };
		56E311D51D22641400E24A52 /* NotificationManagerMac.h in Headers */ = {isa = PBXBuildFile; fileRef = 56E311D31D22641400E24A52 /* NotificationManagerMac.h */; };
		56E311F31D238ABF00E24A52 /* LibraryMessageHandler.cpp in Sources */ = {isa = PBXBuildFile; fileRef = 56E311F11D238ABF00E24A52 /* LibraryMessageHandler.cpp */; };
		56E311F41D238ABF00E24A52 /* Paramters.cpp in Sources */ = {isa = PBXBuildFile; fileRef = 56E311F21D238ABF00E24A52 /* Paramters.cpp */; };
		56E312101D23A38400E24A52 /* AppKit.framework in Frameworks */ = {isa = PBXBuildFile; fileRef = 56E3120F1D23A38400E24A52 /* AppKit.framework */; };
/* End PBXBuildFile section */

/* Begin PBXFileReference section */
		5617192D1D2228DD0097E837 /* libNotificationSystem.dylib */ = {isa = PBXFileReference; explicitFileType = "compiled.mach-o.dylib"; includeInIndex = 0; path = libNotificationSystem.dylib; sourceTree = BUILT_PRODUCTS_DIR; };
		561719351D22296E0097E837 /* NotificationSystem.cpp */ = {isa = PBXFileReference; fileEncoding = 4; lastKnownFileType = sourcecode.cpp.cpp; path = NotificationSystem.cpp; sourceTree = "<group>"; };
		561719401D22299F0097E837 /* stdafx.h */ = {isa = PBXFileReference; lastKnownFileType = sourcecode.c.h; path = stdafx.h; sourceTree = "<group>"; };
		561719431D2234D60097E837 /* Export.exp */ = {isa = PBXFileReference; lastKnownFileType = sourcecode.exports; path = Export.exp; sourceTree = "<group>"; };
		561C63571D473E840077C8FE /* ProcessUtil.mm */ = {isa = PBXFileReference; fileEncoding = 4; lastKnownFileType = sourcecode.cpp.objcpp; name = ProcessUtil.mm; path = /Users/afroz_muzammil/projects/NotificationSystem/NotificationSystem/../../Common/ProcessUtil.mm; sourceTree = "<absolute>"; };
		561C63591D473E8C0077C8FE /* ProcessUtil.h */ = {isa = PBXFileReference; lastKnownFileType = sourcecode.c.h; name = ProcessUtil.h; path = ../../Common/ProcessUtil.h; sourceTree = "<group>"; };
		565115A61D3352C6008436A8 /* StdCondVar.cpp */ = {isa = PBXFileReference; fileEncoding = 4; lastKnownFileType = sourcecode.cpp.cpp; name = StdCondVar.cpp; path = ../../Common/StdCondVar.cpp; sourceTree = "<group>"; };
		565115A71D3352C6008436A8 /* StdCondVar.h */ = {isa = PBXFileReference; fileEncoding = 4; lastKnownFileType = sourcecode.c.h; name = StdCondVar.h; path = ../../Common/StdCondVar.h; sourceTree = "<group>"; };
		56E311CB1D22537100E24A52 /* NotificationSystemMessageHandler.cpp */ = {isa = PBXFileReference; fileEncoding = 4; lastKnownFileType = sourcecode.cpp.cpp; path = NotificationSystemMessageHandler.cpp; sourceTree = "<group>"; };
		56E311CD1D22537D00E24A52 /* NotificationSystemMessageHandler.h */ = {isa = PBXFileReference; lastKnownFileType = sourcecode.c.h; path = NotificationSystemMessageHandler.h; sourceTree = "<group>"; };
		56E311CE1D2254B600E24A52 /* NotificationManager.h */ = {isa = PBXFileReference; lastKnownFileType = sourcecode.c.h; path = NotificationManager.h; sourceTree = "<group>"; };
		56E311CF1D2254B600E24A52 /* NotificationSystem.h */ = {isa = PBXFileReference; lastKnownFileType = sourcecode.c.h; path = NotificationSystem.h; sourceTree = "<group>"; };
		56E311D01D2255E100E24A52 /* NotificationManager.cpp */ = {isa = PBXFileReference; fileEncoding = 4; lastKnownFileType = sourcecode.cpp.cpp; path = NotificationManager.cpp; sourceTree = "<group>"; };
		56E311D21D22641400E24A52 /* NotificationManagerMac.mm */ = {isa = PBXFileReference; fileEncoding = 4; lastKnownFileType = sourcecode.cpp.objcpp; path = NotificationManagerMac.mm; sourceTree = "<group>"; };
		56E311D31D22641400E24A52 /* NotificationManagerMac.h */ = {isa = PBXFileReference; fileEncoding = 4; lastKnownFileType = sourcecode.c.h; path = NotificationManagerMac.h; sourceTree = "<group>"; };
		56E311EE1D238AA500E24A52 /* ILibraryExports.h */ = {isa = PBXFileReference; lastKnownFileType = sourcecode.c.h; name = ILibraryExports.h; path = ../../LibraryInterfaceTemplate/DynamicLibraryTemplate/ILibraryExports.h; sourceTree = "<group>"; };
		56E311EF1D238AA500E24A52 /* LibraryMessageHandler.h */ = {isa = PBXFileReference; lastKnownFileType = sourcecode.c.h; name = LibraryMessageHandler.h; path = ../../LibraryInterfaceTemplate/DynamicLibraryTemplate/LibraryMessageHandler.h; sourceTree = "<group>"; };
		56E311F01D238AA500E24A52 /* Paramters.h */ = {isa = PBXFileReference; lastKnownFileType = sourcecode.c.h; name = Paramters.h; path = ../../LibraryInterfaceTemplate/DynamicLibraryTemplate/Paramters.h; sourceTree = "<group>"; };
		56E311F11D238ABF00E24A52 /* LibraryMessageHandler.cpp */ = {isa = PBXFileReference; fileEncoding = 4; lastKnownFileType = sourcecode.cpp.cpp; name = LibraryMessageHandler.cpp; path = ../../LibraryInterfaceTemplate/DynamicLibraryTemplate/LibraryMessageHandler.cpp; sourceTree = "<group>"; };
		56E311F21D238ABF00E24A52 /* Paramters.cpp */ = {isa = PBXFileReference; fileEncoding = 4; lastKnownFileType = sourcecode.cpp.cpp; name = Paramters.cpp; path = ../../LibraryInterfaceTemplate/DynamicLibraryTemplate/Paramters.cpp; sourceTree = "<group>"; };
		56E3120F1D23A38400E24A52 /* AppKit.framework */ = {isa = PBXFileReference; lastKnownFileType = wrapper.framework; name = AppKit.framework; path = System/Library/Frameworks/AppKit.framework; sourceTree = SDKROOT; };
/* End PBXFileReference section */

/* Begin PBXFrameworksBuildPhase section */
		5617192A1D2228DD0097E837 /* Frameworks */ = {
			isa = PBXFrameworksBuildPhase;
			buildActionMask = 2147483647;
			files = (
				56E312101D23A38400E24A52 /* AppKit.framework in Frameworks */,
			);
			runOnlyForDeploymentPostprocessing = 0;
		};
/* End PBXFrameworksBuildPhase section */

/* Begin PBXGroup section */
		561719241D2228DD0097E837 = {
			isa = PBXGroup;
			children = (
				56E3120F1D23A38400E24A52 /* AppKit.framework */,
				5617193B1D2229810097E837 /* Header Files */,
				561719341D2229600097E837 /* Source Files */,
				5617192E1D2228DD0097E837 /* Products */,
			);
			sourceTree = "<group>";
		};
		5617192E1D2228DD0097E837 /* Products */ = {
			isa = PBXGroup;
			children = (
				5617192D1D2228DD0097E837 /* libNotificationSystem.dylib */,
			);
			name = Products;
			sourceTree = "<group>";
		};
		561719341D2229600097E837 /* Source Files */ = {
			isa = PBXGroup;
			children = (
				565115A31D33511F008436A8 /* Common */,
				56E311FD1D238D8800E24A52 /* DynamicLibrary */,
				561719431D2234D60097E837 /* Export.exp */,
				56E311D01D2255E100E24A52 /* NotificationManager.cpp */,
				56E311D21D22641400E24A52 /* NotificationManagerMac.mm */,
				561719351D22296E0097E837 /* NotificationSystem.cpp */,
				56E311CB1D22537100E24A52 /* NotificationSystemMessageHandler.cpp */,
			);
			name = "Source Files";
			sourceTree = "<group>";
		};
		5617193B1D2229810097E837 /* Header Files */ = {
			isa = PBXGroup;
			children = (
				565115A11D335104008436A8 /* Common */,
				56E311FB1D238D5600E24A52 /* DynamicLibrary */,
				56E311CE1D2254B600E24A52 /* NotificationManager.h */,
				56E311D31D22641400E24A52 /* NotificationManagerMac.h */,
				56E311CF1D2254B600E24A52 /* NotificationSystem.h */,
				56E311CD1D22537D00E24A52 /* NotificationSystemMessageHandler.h */,
				561719401D22299F0097E837 /* stdafx.h */,
			);
			name = "Header Files";
			sourceTree = "<group>";
		};
		565115A11D335104008436A8 /* Common */ = {
			isa = PBXGroup;
			children = (
				561C63591D473E8C0077C8FE /* ProcessUtil.h */,
				565115A71D3352C6008436A8 /* StdCondVar.h */,
			);
			name = Common;
			sourceTree = "<group>";
		};
		565115A31D33511F008436A8 /* Common */ = {
			isa = PBXGroup;
			children = (
				565115A61D3352C6008436A8 /* StdCondVar.cpp */,
				561C63571D473E840077C8FE /* ProcessUtil.mm */,
			);
			name = Common;
			sourceTree = "<group>";
		};
		56E311FB1D238D5600E24A52 /* DynamicLibrary */ = {
			isa = PBXGroup;
			children = (
				56E311EE1D238AA500E24A52 /* ILibraryExports.h */,
				56E311EF1D238AA500E24A52 /* LibraryMessageHandler.h */,
				56E311F01D238AA500E24A52 /* Paramters.h */,
			);
			name = DynamicLibrary;
			sourceTree = "<group>";
		};
		56E311FD1D238D8800E24A52 /* DynamicLibrary */ = {
			isa = PBXGroup;
			children = (
				56E311F11D238ABF00E24A52 /* LibraryMessageHandler.cpp */,
				56E311F21D238ABF00E24A52 /* Paramters.cpp */,
			);
			name = DynamicLibrary;
			sourceTree = "<group>";
		};
/* End PBXGroup section */

/* Begin PBXHeadersBuildPhase section */
		5617192B1D2228DD0097E837 /* Headers */ = {
			isa = PBXHeadersBuildPhase;
			buildActionMask = 2147483647;
			files = (
				56E311D51D22641400E24A52 /* NotificationManagerMac.h in Headers */,
			);
			runOnlyForDeploymentPostprocessing = 0;
		};
/* End PBXHeadersBuildPhase section */

/* Begin PBXNativeTarget section */
		5617192C1D2228DD0097E837 /* NotificationSystem */ = {
			isa = PBXNativeTarget;
			buildConfigurationList = 561719311D2228DD0097E837 /* Build configuration list for PBXNativeTarget "NotificationSystem" */;
			buildPhases = (
				561719291D2228DD0097E837 /* Sources */,
				5617192A1D2228DD0097E837 /* Frameworks */,
				5617192B1D2228DD0097E837 /* Headers */,
			);
			buildRules = (
			);
			dependencies = (
			);
			name = NotificationSystem;
			productName = NotificationSystem;
			productReference = 5617192D1D2228DD0097E837 /* libNotificationSystem.dylib */;
			productType = "com.apple.product-type.library.dynamic";
		};
/* End PBXNativeTarget section */

/* Begin PBXProject section */
		561719251D2228DD0097E837 /* Project object */ = {
			isa = PBXProject;
			attributes = {
				LastUpgradeCheck = 0730;
				ORGANIZATIONNAME = "Afroz Muzammil";
				TargetAttributes = {
					5617192C1D2228DD0097E837 = {
						CreatedOnToolsVersion = 7.3.1;
					};
				};
			};
			buildConfigurationList = 561719281D2228DD0097E837 /* Build configuration list for PBXProject "NotificationSystem" */;
			compatibilityVersion = "Xcode 3.2";
			developmentRegion = English;
			hasScannedForEncodings = 0;
			knownRegions = (
				en,
			);
			mainGroup = 561719241D2228DD0097E837;
			productRefGroup = 5617192E1D2228DD0097E837 /* Products */;
			projectDirPath = "";
			projectRoot = "";
			targets = (
				5617192C1D2228DD0097E837 /* NotificationSystem */,
			);
		};
/* End PBXProject section */

/* Begin PBXSourcesBuildPhase section */
		561719291D2228DD0097E837 /* Sources */ = {
			isa = PBXSourcesBuildPhase;
			buildActionMask = 2147483647;
			files = (
				56E311D41D22641400E24A52 /* NotificationManagerMac.mm in Sources */,
				56E311CC1D22537100E24A52 /* NotificationSystemMessageHandler.cpp in Sources */,
				561719381D22296E0097E837 /* NotificationSystem.cpp in Sources */,
				561C63581D473E840077C8FE /* ProcessUtil.mm in Sources */,
				56E311D11D2255E100E24A52 /* NotificationManager.cpp in Sources */,
				56E311F31D238ABF00E24A52 /* LibraryMessageHandler.cpp in Sources */,
				56E311F41D238ABF00E24A52 /* Paramters.cpp in Sources */,
				565115A81D3352C6008436A8 /* StdCondVar.cpp in Sources */,
			);
			runOnlyForDeploymentPostprocessing = 0;
		};
/* End PBXSourcesBuildPhase section */

/* Begin XCBuildConfiguration section */
		5617192F1D2228DD0097E837 /* Debug */ = {
			isa = XCBuildConfiguration;
			buildSettings = {
				ALWAYS_SEARCH_USER_PATHS = NO;
				CLANG_ANALYZER_NONNULL = YES;
				CLANG_CXX_LANGUAGE_STANDARD = "gnu++0x";
				CLANG_CXX_LIBRARY = "libc++";
				CLANG_ENABLE_MODULES = YES;
				CLANG_ENABLE_OBJC_ARC = YES;
				CLANG_WARN_BOOL_CONVERSION = YES;
				CLANG_WARN_CONSTANT_CONVERSION = YES;
				CLANG_WARN_DIRECT_OBJC_ISA_USAGE = YES_ERROR;
				CLANG_WARN_EMPTY_BODY = YES;
				CLANG_WARN_ENUM_CONVERSION = YES;
				CLANG_WARN_INT_CONVERSION = YES;
				CLANG_WARN_OBJC_ROOT_CLASS = YES_ERROR;
				CLANG_WARN_UNREACHABLE_CODE = YES;
				CLANG_WARN__DUPLICATE_METHOD_MATCH = YES;
				CODE_SIGN_IDENTITY = "-";
				COPY_PHASE_STRIP = NO;
				DEBUG_INFORMATION_FORMAT = dwarf;
				ENABLE_STRICT_OBJC_MSGSEND = YES;
				ENABLE_TESTABILITY = YES;
				GCC_C_LANGUAGE_STANDARD = gnu99;
				GCC_DYNAMIC_NO_PIC = NO;
				GCC_INLINES_ARE_PRIVATE_EXTERN = YES;
				GCC_NO_COMMON_BLOCKS = YES;
				GCC_OPTIMIZATION_LEVEL = 0;
				GCC_PREPROCESSOR_DEFINITIONS = (
					"DEBUG=1",
					"$(inherited)",
				);
				GCC_SYMBOLS_PRIVATE_EXTERN = YES;
				GCC_WARN_64_TO_32_BIT_CONVERSION = YES;
				GCC_WARN_ABOUT_RETURN_TYPE = YES_ERROR;
				GCC_WARN_UNDECLARED_SELECTOR = YES;
				GCC_WARN_UNINITIALIZED_AUTOS = YES_AGGRESSIVE;
				GCC_WARN_UNUSED_FUNCTION = YES;
				GCC_WARN_UNUSED_VARIABLE = YES;
				LD_DYLIB_INSTALL_NAME = "@rpath/$(FULL_PRODUCT_NAME)";
				LD_RUNPATH_SEARCH_PATHS = "@rpath";
				MACOSX_DEPLOYMENT_TARGET = 10.11;
				MTL_ENABLE_DEBUG_INFO = YES;
				ONLY_ACTIVE_ARCH = YES;
				SDKROOT = macosx;
			};
			name = Debug;
		};
		561719301D2228DD0097E837 /* Release */ = {
			isa = XCBuildConfiguration;
			buildSettings = {
				ALWAYS_SEARCH_USER_PATHS = NO;
				CLANG_ANALYZER_NONNULL = YES;
				CLANG_CXX_LANGUAGE_STANDARD = "gnu++0x";
				CLANG_CXX_LIBRARY = "libc++";
				CLANG_ENABLE_MODULES = YES;
				CLANG_ENABLE_OBJC_ARC = YES;
				CLANG_WARN_BOOL_CONVERSION = YES;
				CLANG_WARN_CONSTANT_CONVERSION = YES;
				CLANG_WARN_DIRECT_OBJC_ISA_USAGE = YES_ERROR;
				CLANG_WARN_EMPTY_BODY = YES;
				CLANG_WARN_ENUM_CONVERSION = YES;
				CLANG_WARN_INT_CONVERSION = YES;
				CLANG_WARN_OBJC_ROOT_CLASS = YES_ERROR;
				CLANG_WARN_UNREACHABLE_CODE = YES;
				CLANG_WARN__DUPLICATE_METHOD_MATCH = YES;
				CODE_SIGN_IDENTITY = "-";
				COPY_PHASE_STRIP = NO;
				DEBUG_INFORMATION_FORMAT = "dwarf-with-dsym";
				ENABLE_NS_ASSERTIONS = NO;
				ENABLE_STRICT_OBJC_MSGSEND = YES;
				GCC_C_LANGUAGE_STANDARD = gnu99;
				GCC_INLINES_ARE_PRIVATE_EXTERN = YES;
				GCC_NO_COMMON_BLOCKS = YES;
				GCC_SYMBOLS_PRIVATE_EXTERN = YES;
				GCC_WARN_64_TO_32_BIT_CONVERSION = YES;
				GCC_WARN_ABOUT_RETURN_TYPE = YES_ERROR;
				GCC_WARN_UNDECLARED_SELECTOR = YES;
				GCC_WARN_UNINITIALIZED_AUTOS = YES_AGGRESSIVE;
				GCC_WARN_UNUSED_FUNCTION = YES;
				GCC_WARN_UNUSED_VARIABLE = YES;
				LD_DYLIB_INSTALL_NAME = "@rpath/$(FULL_PRODUCT_NAME)";
				LD_RUNPATH_SEARCH_PATHS = "@rpath";
				MACOSX_DEPLOYMENT_TARGET = 10.11;
				MTL_ENABLE_DEBUG_INFO = NO;
				SDKROOT = macosx;
			};
			name = Release;
		};
		561719321D2228DD0097E837 /* Debug */ = {
			isa = XCBuildConfiguration;
			buildSettings = {
				DYLIB_COMPATIBILITY_VERSION = 1;
				DYLIB_CURRENT_VERSION = 1;
				EXECUTABLE_PREFIX = lib;
				EXPORTED_SYMBOLS_FILE = Export.exp;
				HEADER_SEARCH_PATHS = ../../Common;
				PRODUCT_NAME = "$(TARGET_NAME)";
			};
			name = Debug;
		};
		561719331D2228DD0097E837 /* Release */ = {
			isa = XCBuildConfiguration;
			buildSettings = {
				DYLIB_COMPATIBILITY_VERSION = 1;
				DYLIB_CURRENT_VERSION = 1;
				EXECUTABLE_PREFIX = lib;
				EXPORTED_SYMBOLS_FILE = Export.exp;
				HEADER_SEARCH_PATHS = ../../Common;
				PRODUCT_NAME = "$(TARGET_NAME)";
			};
			name = Release;
		};
/* End XCBuildConfiguration section */

/* Begin XCConfigurationList section */
		561719281D2228DD0097E837 /* Build configuration list for PBXProject "NotificationSystem" */ = {
			isa = XCConfigurationList;
			buildConfigurations = (
				5617192F1D2228DD0097E837 /* Debug */,
				561719301D2228DD0097E837 /* Release */,
			);
			defaultConfigurationIsVisible = 0;
			defaultConfigurationName = Release;
		};
		561719311D2228DD0097E837 /* Build configuration list for PBXNativeTarget "NotificationSystem" */ = {
			isa = XCConfigurationList;
			buildConfigurations = (
				561719321D2228DD0097E837 /* Debug */,
				561719331D2228DD0097E837 /* Release */,
			);
			defaultConfigurationIsVisible = 0;
			defaultConfigurationName = Release;
		};
/* End XCConfigurationList section */
	};
	rootObject = 561719251D2228DD0097E837 /* Project object */;
}
