// !$*UTF8*$!
{
	archiveVersion = 1;
	classes = {
	};
	objectVersion = 46;
	objects = {

/* Begin PBXBuildFile section */
		5617195F1D223A0C0097E837 /* LibraryInterfaceTemplate.cpp in Sources */ = {isa = PBXBuildFile; fileRef = 5617195D1D223A0C0097E837 /* LibraryInterfaceTemplate.cpp */; };
		561719601D223A0C0097E837 /* LibraryMessageSender.cpp in Sources */ = {isa = PBXBuildFile; fileRef = 5617195E1D223A0C0097E837 /* LibraryMessageSender.cpp */; };
		561719631D223A1D0097E837 /* Paramters.cpp in Sources */ = {isa = PBXBuildFile; fileRef = 561719611D223A1D0097E837 /* Paramters.cpp */; };
/* End PBXBuildFile section */

/* Begin PBXCopyFilesBuildPhase section */
		5617194B1D22396D0097E837 /* CopyFiles */ = {
			isa = PBXCopyFilesBuildPhase;
			buildActionMask = 2147483647;
			dstPath = /usr/share/man/man1/;
			dstSubfolderSpec = 0;
			files = (
			);
			runOnlyForDeploymentPostprocessing = 1;
		};
/* End PBXCopyFilesBuildPhase section */

/* Begin PBXFileReference section */
		5617194D1D22396D0097E837 /* LibraryInterfaceTemplate */ = {isa = PBXFileReference; explicitFileType = "compiled.mach-o.executable"; includeInIndex = 0; path = LibraryInterfaceTemplate; sourceTree = BUILT_PRODUCTS_DIR; };
		5617195D1D223A0C0097E837 /* LibraryInterfaceTemplate.cpp */ = {isa = PBXFileReference; fileEncoding = 4; lastKnownFileType = sourcecode.cpp.cpp; path = LibraryInterfaceTemplate.cpp; sourceTree = SOURCE_ROOT; };
		5617195E1D223A0C0097E837 /* LibraryMessageSender.cpp */ = {isa = PBXFileReference; fileEncoding = 4; lastKnownFileType = sourcecode.cpp.cpp; path = LibraryMessageSender.cpp; sourceTree = SOURCE_ROOT; };
		561719611D223A1D0097E837 /* Paramters.cpp */ = {isa = PBXFileReference; fileEncoding = 4; lastKnownFileType = sourcecode.cpp.cpp; name = Paramters.cpp; path = ../../DynamicLibraryTemplate/Paramters.cpp; sourceTree = "<group>"; };
		561719621D223A1D0097E837 /* Paramters.h */ = {isa = PBXFileReference; fileEncoding = 4; lastKnownFileType = sourcecode.c.h; name = Paramters.h; path = ../DynamicLibraryTemplate/Paramters.h; sourceTree = "<group>"; };
		561719651D223A4B0097E837 /* LibraryMessageSender.h */ = {isa = PBXFileReference; lastKnownFileType = sourcecode.c.h; path = LibraryMessageSender.h; sourceTree = "<group>"; };
		561719661D223A4B0097E837 /* stdafx.h */ = {isa = PBXFileReference; lastKnownFileType = sourcecode.c.h; path = stdafx.h; sourceTree = "<group>"; };
/* End PBXFileReference section */

/* Begin PBXFrameworksBuildPhase section */
		5617194A1D22396D0097E837 /* Frameworks */ = {
			isa = PBXFrameworksBuildPhase;
			buildActionMask = 2147483647;
			files = (
			);
			runOnlyForDeploymentPostprocessing = 0;
		};
/* End PBXFrameworksBuildPhase section */

/* Begin PBXGroup section */
		561719441D22396D0097E837 = {
			isa = PBXGroup;
			children = (
				561719641D223A350097E837 /* Header Files */,
				5617194F1D22396D0097E837 /* Source Files */,
				5617194E1D22396D0097E837 /* Products */,
			);
			sourceTree = "<group>";
		};
		5617194E1D22396D0097E837 /* Products */ = {
			isa = PBXGroup;
			children = (
				5617194D1D22396D0097E837 /* LibraryInterfaceTemplate */,
			);
			name = Products;
			sourceTree = "<group>";
		};
		5617194F1D22396D0097E837 /* Source Files */ = {
			isa = PBXGroup;
			children = (
				561719611D223A1D0097E837 /* Paramters.cpp */,
				5617195D1D223A0C0097E837 /* LibraryInterfaceTemplate.cpp */,
				5617195E1D223A0C0097E837 /* LibraryMessageSender.cpp */,
			);
			name = "Source Files";
			path = LibraryInterfaceTemplate;
			sourceTree = "<group>";
		};
		561719641D223A350097E837 /* Header Files */ = {
			isa = PBXGroup;
			children = (
				561719651D223A4B0097E837 /* LibraryMessageSender.h */,
				561719661D223A4B0097E837 /* stdafx.h */,
				561719621D223A1D0097E837 /* Paramters.h */,
			);
			name = "Header Files";
			sourceTree = "<group>";
		};
/* End PBXGroup section */

/* Begin PBXNativeTarget section */
		5617194C1D22396D0097E837 /* LibraryInterfaceTemplate */ = {
			isa = PBXNativeTarget;
			buildConfigurationList = 561719541D22396D0097E837 /* Build configuration list for PBXNativeTarget "LibraryInterfaceTemplate" */;
			buildPhases = (
				561719491D22396D0097E837 /* Sources */,
				5617194A1D22396D0097E837 /* Frameworks */,
				5617194B1D22396D0097E837 /* CopyFiles */,
				561719691D223C660097E837 /* ShellScript */,
			);
			buildRules = (
			);
			dependencies = (
			);
			name = LibraryInterfaceTemplate;
			productName = LibraryInterfaceTemplate;
			productReference = 5617194D1D22396D0097E837 /* LibraryInterfaceTemplate */;
			productType = "com.apple.product-type.tool";
		};
/* End PBXNativeTarget section */

/* Begin PBXProject section */
		561719451D22396D0097E837 /* Project object */ = {
			isa = PBXProject;
			attributes = {
				LastUpgradeCheck = 0730;
				ORGANIZATIONNAME = "Afroz Muzammil";
				TargetAttributes = {
					5617194C1D22396D0097E837 = {
						CreatedOnToolsVersion = 7.3.1;
					};
				};
			};
			buildConfigurationList = 561719481D22396D0097E837 /* Build configuration list for PBXProject "LibraryInterfaceTemplate" */;
			compatibilityVersion = "Xcode 3.2";
			developmentRegion = English;
			hasScannedForEncodings = 0;
			knownRegions = (
				en,
			);
			mainGroup = 561719441D22396D0097E837;
			productRefGroup = 5617194E1D22396D0097E837 /* Products */;
			projectDirPath = "";
			projectRoot = "";
			targets = (
				5617194C1D22396D0097E837 /* LibraryInterfaceTemplate */,
			);
		};
/* End PBXProject section */

/* Begin PBXShellScriptBuildPhase section */
		561719691D223C660097E837 /* ShellScript */ = {
			isa = PBXShellScriptBuildPhase;
			buildActionMask = 2147483647;
			files = (
			);
			inputPaths = (
			);
			outputPaths = (
			);
			runOnlyForDeploymentPostprocessing = 0;
			shellPath = /bin/sh;
			shellScript = "ditto -v ${CONFIGURATION_BUILD_DIR}/../../../DynamicLibraryTemplate/build/${CONFIGURATION}/libDynamicLibraryTemplate.dylib ${CONFIGURATION_BUILD_DIR}/libDynamicLibraryTemplate.dylib";
		};
/* End PBXShellScriptBuildPhase section */

/* Begin PBXSourcesBuildPhase section */
		561719491D22396D0097E837 /* Sources */ = {
			isa = PBXSourcesBuildPhase;
			buildActionMask = 2147483647;
			files = (
				561719601D223A0C0097E837 /* LibraryMessageSender.cpp in Sources */,
				5617195F1D223A0C0097E837 /* LibraryInterfaceTemplate.cpp in Sources */,
				561719631D223A1D0097E837 /* Paramters.cpp in Sources */,
			);
			runOnlyForDeploymentPostprocessing = 0;
		};
/* End PBXSourcesBuildPhase section */

/* Begin XCBuildConfiguration section */
		561719521D22396D0097E837 /* Debug */ = {
			isa = XCBuildConfiguration;
			buildSettings = {
				ALWAYS_SEARCH_USER_PATHS = NO;
				CLANG_ANALYZER_NONNULL = YES;
				CLANG_CXX_LANGUAGE_STANDARD = "gnu++0x";
				CLANG_CXX_LIBRARY = "libc++";
				CLANG_ENABLE_MODULES = YES;
				CLANG_ENABLE_OBJC_ARC = YES;
				CLANG_WARN_BOOL_CONVERSION = YES;
				CLANG_WARN_CONSTANT_CONVERSION = YES;
				CLANG_WARN_DIRECT_OBJC_ISA_USAGE = YES_ERROR;
				CLANG_WARN_EMPTY_BODY = YES;
				CLANG_WARN_ENUM_CONVERSION = YES;
				CLANG_WARN_INT_CONVERSION = YES;
				CLANG_WARN_OBJC_ROOT_CLASS = YES_ERROR;
				CLANG_WARN_UNREACHABLE_CODE = YES;
				CLANG_WARN__DUPLICATE_METHOD_MATCH = YES;
				CODE_SIGN_IDENTITY = "-";
				COPY_PHASE_STRIP = NO;
				DEBUG_INFORMATION_FORMAT = dwarf;
				ENABLE_STRICT_OBJC_MSGSEND = YES;
				ENABLE_TESTABILITY = YES;
				GCC_C_LANGUAGE_STANDARD = gnu99;
				GCC_DYNAMIC_NO_PIC = NO;
				GCC_NO_COMMON_BLOCKS = YES;
				GCC_OPTIMIZATION_LEVEL = 0;
				GCC_PREPROCESSOR_DEFINITIONS = (
					"DEBUG=1",
					"$(inherited)",
				);
				GCC_WARN_64_TO_32_BIT_CONVERSION = YES;
				GCC_WARN_ABOUT_RETURN_TYPE = YES_ERROR;
				GCC_WARN_UNDECLARED_SELECTOR = YES;
				GCC_WARN_UNINITIALIZED_AUTOS = YES_AGGRESSIVE;
				GCC_WARN_UNUSED_FUNCTION = YES;
				GCC_WARN_UNUSED_VARIABLE = YES;
				LD_RUNPATH_SEARCH_PATHS = "@executable_path";
				MACOSX_DEPLOYMENT_TARGET = 10.11;
				MTL_ENABLE_DEBUG_INFO = YES;
				ONLY_ACTIVE_ARCH = YES;
				SDKROOT = macosx;
			};
			name = Debug;
		};
		561719531D22396D0097E837 /* Release */ = {
			isa = XCBuildConfiguration;
			buildSettings = {
				ALWAYS_SEARCH_USER_PATHS = NO;
				CLANG_ANALYZER_NONNULL = YES;
				CLANG_CXX_LANGUAGE_STANDARD = "gnu++0x";
				CLANG_CXX_LIBRARY = "libc++";
				CLANG_ENABLE_MODULES = YES;
				CLANG_ENABLE_OBJC_ARC = YES;
				CLANG_WARN_BOOL_CONVERSION = YES;
				CLANG_WARN_CONSTANT_CONVERSION = YES;
				CLANG_WARN_DIRECT_OBJC_ISA_USAGE = YES_ERROR;
				CLANG_WARN_EMPTY_BODY = YES;
				CLANG_WARN_ENUM_CONVERSION = YES;
				CLANG_WARN_INT_CONVERSION = YES;
				CLANG_WARN_OBJC_ROOT_CLASS = YES_ERROR;
				CLANG_WARN_UNREACHABLE_CODE = YES;
				CLANG_WARN__DUPLICATE_METHOD_MATCH = YES;
				CODE_SIGN_IDENTITY = "-";
				COPY_PHASE_STRIP = NO;
				DEBUG_INFORMATION_FORMAT = "dwarf-with-dsym";
				ENABLE_NS_ASSERTIONS = NO;
				ENABLE_STRICT_OBJC_MSGSEND = YES;
				GCC_C_LANGUAGE_STANDARD = gnu99;
				GCC_NO_COMMON_BLOCKS = YES;
				GCC_WARN_64_TO_32_BIT_CONVERSION = YES;
				GCC_WARN_ABOUT_RETURN_TYPE = YES_ERROR;
				GCC_WARN_UNDECLARED_SELECTOR = YES;
				GCC_WARN_UNINITIALIZED_AUTOS = YES_AGGRESSIVE;
				GCC_WARN_UNUSED_FUNCTION = YES;
				GCC_WARN_UNUSED_VARIABLE = YES;
				LD_RUNPATH_SEARCH_PATHS = "@executable_path";
				MACOSX_DEPLOYMENT_TARGET = 10.11;
				MTL_ENABLE_DEBUG_INFO = NO;
				SDKROOT = macosx;
			};
			name = Release;
		};
		561719551D22396D0097E837 /* Debug */ = {
			isa = XCBuildConfiguration;
			buildSettings = {
				PRODUCT_NAME = "$(TARGET_NAME)";
			};
			name = Debug;
		};
		561719561D22396D0097E837 /* Release */ = {
			isa = XCBuildConfiguration;
			buildSettings = {
				PRODUCT_NAME = "$(TARGET_NAME)";
			};
			name = Release;
		};
/* End XCBuildConfiguration section */

/* Begin XCConfigurationList section */
		561719481D22396D0097E837 /* Build configuration list for PBXProject "LibraryInterfaceTemplate" */ = {
			isa = XCConfigurationList;
			buildConfigurations = (
				561719521D22396D0097E837 /* Debug */,
				561719531D22396D0097E837 /* Release */,
			);
			defaultConfigurationIsVisible = 0;
			defaultConfigurationName = Release;
		};
		561719541D22396D0097E837 /* Build configuration list for PBXNativeTarget "LibraryInterfaceTemplate" */ = {
			isa = XCConfigurationList;
			buildConfigurations = (
				561719551D22396D0097E837 /* Debug */,
				561719561D22396D0097E837 /* Release */,
			);
			defaultConfigurationIsVisible = 0;
			defaultConfigurationName = Release;
		};
/* End XCConfigurationList section */
	};
	rootObject = 561719451D22396D0097E837 /* Project object */;
}
