
Microsoft Visual Studio Solution File, Format Version 12.00
# Visual Studio 14
VisualStudioVersion = 14.0.23107.0
MinimumVisualStudioVersion = 10.0.40219.1
Project("{8BC9CEB8-8B4A-11D0-8D11-00A0C91BC942}") = "HexDump", "HexDump\HexDump.vcxproj", "{B065C0EE-5557-4E77-92CF-23515845DC7F}"
EndProject
Global
	GlobalSection(SolutionConfigurationPlatforms) = preSolution
		Debug|x64 = Debug|x64
		Release|x64 = Release|x64
	EndGlobalSection
	GlobalSection(ProjectConfigurationPlatforms) = postSolution
		{B065C0EE-5557-4E77-92CF-23515845DC7F}.Debug|x64.ActiveCfg = Debug|x64
		{B065C0EE-5557-4E77-92CF-23515845DC7F}.Debug|x64.Build.0 = Debug|x64
		{B065C0EE-5557-4E77-92CF-23515845DC7F}.Release|x64.ActiveCfg = Release|x64
		{B065C0EE-5557-4E77-92CF-23515845DC7F}.Release|x64.Build.0 = Release|x64
	EndGlobalSection
	GlobalSection(SolutionProperties) = preSolution
		HideSolutionNode = FALSE
	EndGlobalSection
EndGlobal
