<?xml version="1.0" encoding="utf-8"?>
<Project ToolsVersion="4.0" xmlns="http://schemas.microsoft.com/developer/msbuild/2003">
  <ItemGroup>
    <Filter Include="Source Files">
      <UniqueIdentifier>{4FC737F1-C7A5-4376-A066-2A32D752A2FF}</UniqueIdentifier>
      <Extensions>cpp;c;cc;cxx;def;odl;idl;hpj;bat;asm;asmx</Extensions>
    </Filter>
    <Filter Include="Header Files">
      <UniqueIdentifier>{93995380-89BD-4b04-88EB-625FBE52EBFB}</UniqueIdentifier>
      <Extensions>h;hpp;hxx;hm;inl;inc;xsd</Extensions>
    </Filter>
    <Filter Include="Resource Files">
      <UniqueIdentifier>{67DA6AB6-F800-4c08-8B7A-83BB121AAD01}</UniqueIdentifier>
      <Extensions>rc;ico;cur;bmp;dlg;rc2;rct;bin;rgs;gif;jpg;jpeg;jpe;resx;tiff;tif;png;wav;mfcribbon-ms</Extensions>
    </Filter>
    <Filter Include="Source Files\zlib">
      <UniqueIdentifier>{ea0279e7-bbe9-4593-96a6-5e8d07173cc6}</UniqueIdentifier>
    </Filter>
    <Filter Include="Source Files\minizip">
      <UniqueIdentifier>{d7b6ac48-d590-4ba9-ad3a-0056dae6d2db}</UniqueIdentifier>
    </Filter>
  </ItemGroup>
  <ItemGroup>
    <None Include="ReadMe.txt" />
  </ItemGroup>
  <ItemGroup>
    <ClInclude Include="stdafx.h">
      <Filter>Header Files</Filter>
    </ClInclude>
    <ClInclude Include="targetver.h">
      <Filter>Header Files</Filter>
    </ClInclude>
    <ClInclude Include="zlib\crc32.h">
      <Filter>Source Files\zlib</Filter>
    </ClInclude>
    <ClInclude Include="zlib\deflate.h">
      <Filter>Source Files\zlib</Filter>
    </ClInclude>
    <ClInclude Include="zlib\gzguts.h">
      <Filter>Source Files\zlib</Filter>
    </ClInclude>
    <ClInclude Include="zlib\inffast.h">
      <Filter>Source Files\zlib</Filter>
    </ClInclude>
    <ClInclude Include="zlib\inffixed.h">
      <Filter>Source Files\zlib</Filter>
    </ClInclude>
    <ClInclude Include="zlib\inflate.h">
      <Filter>Source Files\zlib</Filter>
    </ClInclude>
    <ClInclude Include="zlib\inftrees.h">
      <Filter>Source Files\zlib</Filter>
    </ClInclude>
    <ClInclude Include="zlib\trees.h">
      <Filter>Source Files\zlib</Filter>
    </ClInclude>
    <ClInclude Include="zlib\zconf.h">
      <Filter>Source Files\zlib</Filter>
    </ClInclude>
    <ClInclude Include="zlib\zlib.h">
      <Filter>Source Files\zlib</Filter>
    </ClInclude>
    <ClInclude Include="zlib\zutil.h">
      <Filter>Source Files\zlib</Filter>
    </ClInclude>
    <ClInclude Include="minizip\crypt.h">
      <Filter>Source Files\minizip</Filter>
    </ClInclude>
    <ClInclude Include="minizip\ioapi.h">
      <Filter>Source Files\minizip</Filter>
    </ClInclude>
    <ClInclude Include="minizip\iowin32.h">
      <Filter>Source Files\minizip</Filter>
    </ClInclude>
    <ClInclude Include="minizip\unzip.h">
      <Filter>Source Files\minizip</Filter>
    </ClInclude>
    <ClInclude Include="minizip\zip.h">
      <Filter>Source Files\minizip</Filter>
    </ClInclude>
    <ClInclude Include="Zipper.h">
      <Filter>Header Files</Filter>
    </ClInclude>
    <ClInclude Include="ZLibCommon.h">
      <Filter>Header Files</Filter>
    </ClInclude>
    <ClInclude Include="Unzipper.h">
      <Filter>Header Files</Filter>
    </ClInclude>
  </ItemGroup>
  <ItemGroup>
    <ClCompile Include="stdafx.cpp">
      <Filter>Source Files</Filter>
    </ClCompile>
    <ClCompile Include="Unzipper.cpp">
      <Filter>Source Files</Filter>
    </ClCompile>
    <ClCompile Include="Zipper.cpp">
      <Filter>Source Files</Filter>
    </ClCompile>
    <ClCompile Include="zlib\adler32.c">
      <Filter>Source Files\zlib</Filter>
    </ClCompile>
    <ClCompile Include="zlib\compress.c">
      <Filter>Source Files\zlib</Filter>
    </ClCompile>
    <ClCompile Include="zlib\crc32.c">
      <Filter>Source Files\zlib</Filter>
    </ClCompile>
    <ClCompile Include="zlib\deflate.c">
      <Filter>Source Files\zlib</Filter>
    </ClCompile>
    <ClCompile Include="zlib\infback.c">
      <Filter>Source Files\zlib</Filter>
    </ClCompile>
    <ClCompile Include="zlib\inffast.c">
      <Filter>Source Files\zlib</Filter>
    </ClCompile>
    <ClCompile Include="zlib\inflate.c">
      <Filter>Source Files\zlib</Filter>
    </ClCompile>
    <ClCompile Include="zlib\inftrees.c">
      <Filter>Source Files\zlib</Filter>
    </ClCompile>
    <ClCompile Include="zlib\trees.c">
      <Filter>Source Files\zlib</Filter>
    </ClCompile>
    <ClCompile Include="zlib\uncompr.c">
      <Filter>Source Files\zlib</Filter>
    </ClCompile>
    <ClCompile Include="zlib\zutil.c">
      <Filter>Source Files\zlib</Filter>
    </ClCompile>
    <ClCompile Include="minizip\ioapi.c">
      <Filter>Source Files\minizip</Filter>
    </ClCompile>
    <ClCompile Include="minizip\iowin32.c">
      <Filter>Source Files\minizip</Filter>
    </ClCompile>
    <ClCompile Include="minizip\unzip.c">
      <Filter>Source Files\minizip</Filter>
    </ClCompile>
    <ClCompile Include="minizip\zip.c">
      <Filter>Source Files\minizip</Filter>
    </ClCompile>
  </ItemGroup>
</Project>